
Microsoft Visual Studio Solution File, Format Version 12.00
# Visual Studio Version 17
VisualStudioVersion = 17.9.34902.65
MinimumVisualStudioVersion = 10.0.40219.1
Project("{9A19103F-16F7-4668-BE54-9A1E7A4F7556}") = "Core", "Core\Core.csproj", "{0E77EF78-8477-4A28-9BA9-46BC61F750A7}"
EndProject
Project("{9A19103F-16F7-4668-BE54-9A1E7A4F7556}") = "Data", "Data\Data.csproj", "{25FC5745-675D-4C68-B601-18012872AD1F}"
EndProject
Project("{FAE04EC0-301F-11D3-BF4B-00C04F79EFBC}") = "Application", "Application\Application.csproj", "{99212B1E-4397-48AD-8D11-68233EB99F0A}"
EndProject
Project("{FAE04EC0-301F-11D3-BF4B-00C04F79EFBC}") = "Presentation", "Presentation\Presentation.csproj", "{A16205D7-2C0C-40D7-922C-E3638E4CA54D}"
EndProject
Global
	GlobalSection(SolutionConfigurationPlatforms) = preSolution
		Debug|Any CPU = Debug|Any CPU
		Release|Any CPU = Release|Any CPU
	EndGlobalSection
	GlobalSection(ProjectConfigurationPlatforms) = postSolution
		{0E77EF78-8477-4A28-9BA9-46BC61F750A7}.Debug|Any CPU.ActiveCfg = Debug|Any CPU
		{0E77EF78-8477-4A28-9BA9-46BC61F750A7}.Debug|Any CPU.Build.0 = Debug|Any CPU
		{0E77EF78-8477-4A28-9BA9-46BC61F750A7}.Release|Any CPU.ActiveCfg = Release|Any CPU
		{0E77EF78-8477-4A28-9BA9-46BC61F750A7}.Release|Any CPU.Build.0 = Release|Any CPU
		{25FC5745-675D-4C68-B601-18012872AD1F}.Debug|Any CPU.ActiveCfg = Debug|Any CPU
		{25FC5745-675D-4C68-B601-18012872AD1F}.Debug|Any CPU.Build.0 = Debug|Any CPU
		{25FC5745-675D-4C68-B601-18012872AD1F}.Release|Any CPU.ActiveCfg = Release|Any CPU
		{25FC5745-675D-4C68-B601-18012872AD1F}.Release|Any CPU.Build.0 = Release|Any CPU
		{99212B1E-4397-48AD-8D11-68233EB99F0A}.Debug|Any CPU.ActiveCfg = Debug|Any CPU
		{99212B1E-4397-48AD-8D11-68233EB99F0A}.Debug|Any CPU.Build.0 = Debug|Any CPU
		{99212B1E-4397-48AD-8D11-68233EB99F0A}.Release|Any CPU.ActiveCfg = Release|Any CPU
		{99212B1E-4397-48AD-8D11-68233EB99F0A}.Release|Any CPU.Build.0 = Release|Any CPU
		{A16205D7-2C0C-40D7-922C-E3638E4CA54D}.Debug|Any CPU.ActiveCfg = Debug|Any CPU
		{A16205D7-2C0C-40D7-922C-E3638E4CA54D}.Debug|Any CPU.Build.0 = Debug|Any CPU
		{A16205D7-2C0C-40D7-922C-E3638E4CA54D}.Release|Any CPU.ActiveCfg = Release|Any CPU
		{A16205D7-2C0C-40D7-922C-E3638E4CA54D}.Release|Any CPU.Build.0 = Release|Any CPU
	EndGlobalSection
	GlobalSection(SolutionProperties) = preSolution
		HideSolutionNode = FALSE
	EndGlobalSection
	GlobalSection(ExtensibilityGlobals) = postSolution
		SolutionGuid = {CFF33327-4BC5-418D-AFFA-E3604573B82A}
	EndGlobalSection
EndGlobal
